#MicroXplorer Configuration settings - do not modify
File.Version=6
KeepUserPlacement=false
Mcu.Family=STM32F4
Mcu.IP0=CRC
Mcu.IP1=I2C1
Mcu.IP2=NVIC
Mcu.IP3=RCC
Mcu.IP4=SPI1
Mcu.IP5=SYS
Mcu.IP6=USART2
Mcu.IPNb=7
Mcu.Name=STM32F446R(C-E)Tx
Mcu.Package=LQFP64
Mcu.Pin0=PH0-OSC_IN
Mcu.Pin1=PH1-OSC_OUT
Mcu.Pin10=VP_CRC_VS_CRC
Mcu.Pin11=VP_SYS_VS_Systick
Mcu.Pin12=VP_STMicroelectronics.X-CUBE-AI_VS_ArtificialOoIntelligenceJjXAaCUBEAaAI_3.4.0
Mcu.Pin13=VP_STMicroelectronics.X-CUBE-AI_VS_ArtificialOoIntelligenceJjApplication_3.4.0
Mcu.Pin2=PA2
Mcu.Pin3=PA3
Mcu.Pin4=PA5
Mcu.Pin5=PA6
Mcu.Pin6=PA7
Mcu.Pin7=PB6
Mcu.Pin8=PB8
Mcu.Pin9=PB9
Mcu.PinsNb=14
Mcu.ThirdParty0=STMicroelectronics.X-CUBE-AI.3.4.0
Mcu.ThirdPartyNb=1
Mcu.UserConstants=
Mcu.UserName=STM32F446RETx
MxCube.Version=5.1.0
MxDb.Version=DB.5.0.10
NVIC.BusFault_IRQn=true\:0\:0\:false\:false\:true\:false\:false
NVIC.DebugMonitor_IRQn=true\:0\:0\:false\:false\:true\:false\:false
NVIC.HardFault_IRQn=true\:0\:0\:false\:false\:true\:false\:false
NVIC.MemoryManagement_IRQn=true\:0\:0\:false\:false\:true\:false\:false
NVIC.NonMaskableInt_IRQn=true\:0\:0\:false\:false\:true\:false\:false
NVIC.PendSV_IRQn=true\:0\:0\:false\:false\:true\:false\:false
NVIC.PriorityGroup=NVIC_PRIORITYGROUP_4
NVIC.SVCall_IRQn=true\:0\:0\:false\:false\:true\:false\:false
NVIC.SysTick_IRQn=true\:0\:0\:false\:false\:true\:false\:true
NVIC.UsageFault_IRQn=true\:0\:0\:false\:false\:true\:false\:false
PA2.Mode=Asynchronous
PA2.Signal=USART2_TX
PA3.Mode=Asynchronous
PA3.Signal=USART2_RX
PA5.Mode=Full_Duplex_Master
PA5.Signal=SPI1_SCK
PA6.Mode=Full_Duplex_Master
PA6.Signal=SPI1_MISO
PA7.Mode=Full_Duplex_Master
PA7.Signal=SPI1_MOSI
PB6.Locked=true
PB6.Signal=GPIO_Output
PB8.Locked=true
PB8.Mode=I2C
PB8.Signal=I2C1_SCL
PB9.Locked=true
PB9.Mode=I2C
PB9.Signal=I2C1_SDA
PCC.Checker=false
PCC.Line=STM32F446
PCC.MCU=STM32F446R(C-E)Tx
PCC.PartNumber=STM32F446RETx
PCC.Seq0=0
PCC.Series=STM32F4
PCC.Temperature=25
PCC.Vdd=null
PH0-OSC_IN.Mode=HSE-External-Oscillator
PH0-OSC_IN.Signal=RCC_OSC_IN
PH1-OSC_OUT.Mode=HSE-External-Oscillator
PH1-OSC_OUT.Signal=RCC_OSC_OUT
PinOutPanel.RotationAngle=0
ProjectManager.AskForMigrate=true
ProjectManager.BackupPrevious=false
ProjectManager.CompilerOptimize=6
ProjectManager.ComputerToolchain=false
ProjectManager.CoupleFile=false
ProjectManager.CustomerFirmwarePackage=
ProjectManager.DefaultFWLocation=true
ProjectManager.DeletePrevious=true
ProjectManager.DeviceId=STM32F446RETx
ProjectManager.FirmwarePackage=STM32Cube FW_F4 V1.24.0
ProjectManager.FreePins=false
ProjectManager.HalAssertFull=false
ProjectManager.HeapSize=0x2000
ProjectManager.KeepUserCode=true
ProjectManager.LastFirmware=true
ProjectManager.LibraryCopy=1
ProjectManager.MainLocation=Src
ProjectManager.NoMain=false
ProjectManager.PreviousToolchain=
ProjectManager.ProjectBuild=false
ProjectManager.ProjectFileName=FaultPredictionDemo2.ioc
ProjectManager.ProjectName=FaultPredictionDemo2
ProjectManager.StackSize=0x400
ProjectManager.TargetToolchain=TrueSTUDIO
ProjectManager.ToolChainLocation=
ProjectManager.UnderRoot=false
ProjectManager.functionlistsort=1-MX_GPIO_Init-GPIO-false-HAL-true,2-SystemClock_Config-RCC-false-HAL-false,3-MX_CRC_Init-CRC-false-HAL-true,4-MX_I2C1_Init-I2C1-false-HAL-true,5-MX_USART2_UART_Init-USART2-true-HAL-false,6-MX_X_CUBE_AI_Init-STMicroelectronics.X-CUBE-AI.3.4.0-false-HAL-true,7-MX_X_CUBE_AI_Process-STMicroelectronics.X-CUBE-AI.3.4.0-false-HAL-true,8-MX_SPI1_Init-SPI1-false-HAL-true
RCC.AHBFreq_Value=180000000
RCC.APB1CLKDivider=RCC_HCLK_DIV4
RCC.APB1Freq_Value=45000000
RCC.APB1TimFreq_Value=90000000
RCC.APB2CLKDivider=RCC_HCLK_DIV2
RCC.APB2Freq_Value=90000000
RCC.APB2TimFreq_Value=180000000
RCC.CECFreq_Value=32786.88524590164
RCC.CortexFreq_Value=180000000
RCC.FCLKCortexFreq_Value=180000000
RCC.FMPI2C1Freq_Value=45000000
RCC.FamilyName=M
RCC.HCLKFreq_Value=180000000
RCC.HSE_VALUE=8000000
RCC.IPParameters=AHBFreq_Value,APB1CLKDivider,APB1Freq_Value,APB1TimFreq_Value,APB2CLKDivider,APB2Freq_Value,APB2TimFreq_Value,CECFreq_Value,CortexFreq_Value,FCLKCortexFreq_Value,FMPI2C1Freq_Value,FamilyName,HCLKFreq_Value,HSE_VALUE,MCO2PinFreq_Value,PLLCLKFreq_Value,PLLI2SPCLKFreq_Value,PLLI2SQCLKFreq_Value,PLLI2SRCLKFreq_Value,PLLM,PLLN,PLLQCLKFreq_Value,PLLRCLKFreq_Value,PLLSAIPCLKFreq_Value,PLLSAIQCLKFreq_Value,PWRFreq_Value,SAIAFreq_Value,SAIBFreq_Value,SDIOFreq_Value,SPDIFRXFreq_Value,SYSCLKFreq_VALUE,SYSCLKSource,USBFreq_Value,VCOI2SInputFreq_Value,VCOI2SOutputFreq_Value,VCOInputFreq_Value,VCOOutputFreq_Value,VCOSAIInputFreq_Value,VCOSAIOutputFreq_Value
RCC.MCO2PinFreq_Value=180000000
RCC.PLLCLKFreq_Value=180000000
RCC.PLLI2SPCLKFreq_Value=96000000
RCC.PLLI2SQCLKFreq_Value=96000000
RCC.PLLI2SRCLKFreq_Value=96000000
RCC.PLLM=8
RCC.PLLN=180
RCC.PLLQCLKFreq_Value=180000000
RCC.PLLRCLKFreq_Value=180000000
RCC.PLLSAIPCLKFreq_Value=96000000
RCC.PLLSAIQCLKFreq_Value=96000000
RCC.PWRFreq_Value=180000000
RCC.SAIAFreq_Value=96000000
RCC.SAIBFreq_Value=96000000
RCC.SDIOFreq_Value=180000000
RCC.SPDIFRXFreq_Value=180000000
RCC.SYSCLKFreq_VALUE=180000000
RCC.SYSCLKSource=RCC_SYSCLKSOURCE_PLLCLK
RCC.USBFreq_Value=180000000
RCC.VCOI2SInputFreq_Value=1000000
RCC.VCOI2SOutputFreq_Value=192000000
RCC.VCOInputFreq_Value=2000000
RCC.VCOOutputFreq_Value=360000000
RCC.VCOSAIInputFreq_Value=1000000
RCC.VCOSAIOutputFreq_Value=192000000
SPI1.BaudRatePrescaler=SPI_BAUDRATEPRESCALER_256
SPI1.CalculateBaudRate=351.562 KBits/s
SPI1.Direction=SPI_DIRECTION_2LINES
SPI1.IPParameters=VirtualType,Mode,Direction,CalculateBaudRate,BaudRatePrescaler
SPI1.Mode=SPI_MODE_MASTER
SPI1.VirtualType=VM_MASTER
STMicroelectronics.X-CUBE-AI.3.4.0.ApplicationCcArtificialOoIntelligenceJjApplication=SystemPerformance
STMicroelectronics.X-CUBE-AI.3.4.0.ArtificialOoIntelligenceJjApplication.cmp_version0=3.4.0
STMicroelectronics.X-CUBE-AI.3.4.0.ArtificialOoIntelligenceJjApplication.component0=Artificial Intelligence
STMicroelectronics.X-CUBE-AI.3.4.0.ArtificialOoIntelligenceJjApplication.description0=AI Application,System Performance
STMicroelectronics.X-CUBE-AI.3.4.0.ArtificialOoIntelligenceJjApplication.diagnostic0=This component should operate correctly.
STMicroelectronics.X-CUBE-AI.3.4.0.ArtificialOoIntelligenceJjApplication.documentation0=readme.txt
STMicroelectronics.X-CUBE-AI.3.4.0.ArtificialOoIntelligenceJjApplication.group0=Application
STMicroelectronics.X-CUBE-AI.3.4.0.ArtificialOoIntelligenceJjApplication.paramName0=ApplicationCcArtificialOoIntelligenceJjApplication
STMicroelectronics.X-CUBE-AI.3.4.0.ArtificialOoIntelligenceJjApplication.sevirity0=none
STMicroelectronics.X-CUBE-AI.3.4.0.ArtificialOoIntelligenceJjApplication.variant0=SystemPerformance
STMicroelectronics.X-CUBE-AI.3.4.0.ArtificialOoIntelligenceJjApplication_Checked=true
STMicroelectronics.X-CUBE-AI.3.4.0.ArtificialOoIntelligenceJjApplication_bundle=Application
STMicroelectronics.X-CUBE-AI.3.4.0.ArtificialOoIntelligenceJjApplication_class=ArtificialOoIntelligence
STMicroelectronics.X-CUBE-AI.3.4.0.ArtificialOoIntelligenceJjApplication_name=X-CUBE-AI
STMicroelectronics.X-CUBE-AI.3.4.0.ArtificialOoIntelligenceJjApplication_size=1
STMicroelectronics.X-CUBE-AI.3.4.0.ArtificialOoIntelligenceJjApplication_vendor=STMicroelectronics
STMicroelectronics.X-CUBE-AI.3.4.0.ArtificialOoIntelligenceJjApplication_version=3.4.0
STMicroelectronics.X-CUBE-AI.3.4.0.ArtificialOoIntelligenceJjXAaCUBEAaAI.cmp_version0=3.4.0
STMicroelectronics.X-CUBE-AI.3.4.0.ArtificialOoIntelligenceJjXAaCUBEAaAI.component0=Artificial Intelligence
STMicroelectronics.X-CUBE-AI.3.4.0.ArtificialOoIntelligenceJjXAaCUBEAaAI.description0=AI Core,Artificial Intelligence for STM32
STMicroelectronics.X-CUBE-AI.3.4.0.ArtificialOoIntelligenceJjXAaCUBEAaAI.diagnostic0=This component should operate correctly.
STMicroelectronics.X-CUBE-AI.3.4.0.ArtificialOoIntelligenceJjXAaCUBEAaAI.documentation0=readme.txt
STMicroelectronics.X-CUBE-AI.3.4.0.ArtificialOoIntelligenceJjXAaCUBEAaAI.group0=Core
STMicroelectronics.X-CUBE-AI.3.4.0.ArtificialOoIntelligenceJjXAaCUBEAaAI.paramName0=XAaCUBEAaAICcArtificialOoIntelligenceJjCore
STMicroelectronics.X-CUBE-AI.3.4.0.ArtificialOoIntelligenceJjXAaCUBEAaAI.sevirity0=none
STMicroelectronics.X-CUBE-AI.3.4.0.ArtificialOoIntelligenceJjXAaCUBEAaAI_Checked=true
STMicroelectronics.X-CUBE-AI.3.4.0.ArtificialOoIntelligenceJjXAaCUBEAaAI_bundle=X-CUBE-AI
STMicroelectronics.X-CUBE-AI.3.4.0.ArtificialOoIntelligenceJjXAaCUBEAaAI_class=ArtificialOoIntelligence
STMicroelectronics.X-CUBE-AI.3.4.0.ArtificialOoIntelligenceJjXAaCUBEAaAI_name=X-CUBE-AI
STMicroelectronics.X-CUBE-AI.3.4.0.ArtificialOoIntelligenceJjXAaCUBEAaAI_size=1
STMicroelectronics.X-CUBE-AI.3.4.0.ArtificialOoIntelligenceJjXAaCUBEAaAI_vendor=STMicroelectronics
STMicroelectronics.X-CUBE-AI.3.4.0.ArtificialOoIntelligenceJjXAaCUBEAaAI_version=3.4.0
STMicroelectronics.X-CUBE-AI.3.4.0.BSP.number=1
STMicroelectronics.X-CUBE-AI.3.4.0.HeapSize=0x2000
STMicroelectronics.X-CUBE-AI.3.4.0.IPParameters=XAaCUBEAaAICcArtificialOoIntelligenceJjCore,ApplicationCcArtificialOoIntelligenceJjApplication,ModelHashList,ModelNameList,ModelName-139121573f1593d2073d2e31b0ea631634162dc744a801b3ff2388cf78dc6d08,ModelActualCompression-139121573f1593d2073d2e31b0ea631634162dc744a801b3ff2388cf78dc6d08,ModelCompression-139121573f1593d2073d2e31b0ea631634162dc744a801b3ff2388cf78dc6d08,ModelRamOccupation-139121573f1593d2073d2e31b0ea631634162dc744a801b3ff2388cf78dc6d08,ModelStructureFile-139121573f1593d2073d2e31b0ea631634162dc744a801b3ff2388cf78dc6d08,ModelType-139121573f1593d2073d2e31b0ea631634162dc744a801b3ff2388cf78dc6d08,ModelKind-139121573f1593d2073d2e31b0ea631634162dc744a801b3ff2388cf78dc6d08,ModelFlashOccupation-139121573f1593d2073d2e31b0ea631634162dc744a801b3ff2388cf78dc6d08,ModelMacc-139121573f1593d2073d2e31b0ea631634162dc744a801b3ff2388cf78dc6d08,HeapSize
STMicroelectronics.X-CUBE-AI.3.4.0.ModelActualCompression-139121573f1593d2073d2e31b0ea631634162dc744a801b3ff2388cf78dc6d08=0.0
STMicroelectronics.X-CUBE-AI.3.4.0.ModelCompression-139121573f1593d2073d2e31b0ea631634162dc744a801b3ff2388cf78dc6d08=0
STMicroelectronics.X-CUBE-AI.3.4.0.ModelFlashOccupation-139121573f1593d2073d2e31b0ea631634162dc744a801b3ff2388cf78dc6d08=11970
STMicroelectronics.X-CUBE-AI.3.4.0.ModelHashList=139121573f1593d2073d2e31b0ea631634162dc744a801b3ff2388cf78dc6d08
STMicroelectronics.X-CUBE-AI.3.4.0.ModelKind-139121573f1593d2073d2e31b0ea631634162dc744a801b3ff2388cf78dc6d08=KERAS
STMicroelectronics.X-CUBE-AI.3.4.0.ModelMacc-139121573f1593d2073d2e31b0ea631634162dc744a801b3ff2388cf78dc6d08=14184
STMicroelectronics.X-CUBE-AI.3.4.0.ModelName-139121573f1593d2073d2e31b0ea631634162dc744a801b3ff2388cf78dc6d08=network
STMicroelectronics.X-CUBE-AI.3.4.0.ModelNameList=network
STMicroelectronics.X-CUBE-AI.3.4.0.ModelRamOccupation-139121573f1593d2073d2e31b0ea631634162dc744a801b3ff2388cf78dc6d08=1740
STMicroelectronics.X-CUBE-AI.3.4.0.ModelStructureFile-139121573f1593d2073d2e31b0ea631634162dc744a801b3ff2388cf78dc6d08=/C\:/Users/USHIN-INDIA/Downloads/modelaaaa.h5
STMicroelectronics.X-CUBE-AI.3.4.0.ModelType-139121573f1593d2073d2e31b0ea631634162dc744a801b3ff2388cf78dc6d08=Saved model
STMicroelectronics.X-CUBE-AI.3.4.0.XAaCUBEAaAICcArtificialOoIntelligenceJjCore=true
STMicroelectronics.X-CUBE-AI.3.4.00.BSP.STBoard=false
STMicroelectronics.X-CUBE-AI.3.4.00.BSP.api=Unknown
STMicroelectronics.X-CUBE-AI.3.4.00.BSP.component=
STMicroelectronics.X-CUBE-AI.3.4.00.BSP.condition=
STMicroelectronics.X-CUBE-AI.3.4.00.BSP.i2caddr=0
STMicroelectronics.X-CUBE-AI.3.4.00.BSP.i2creg=
STMicroelectronics.X-CUBE-AI.3.4.00.BSP.instance=USART2
STMicroelectronics.X-CUBE-AI.3.4.00.BSP.ip=USART
STMicroelectronics.X-CUBE-AI.3.4.00.BSP.mode=Asynchronous
STMicroelectronics.X-CUBE-AI.3.4.00.BSP.name=COM Port
STMicroelectronics.X-CUBE-AI.3.4.00.BSP.semaphore=
STMicroelectronics.X-CUBE-AI.3.4.00.BSP.solution=USART2
STMicroelectronics.X-CUBE-AI.3.4.0_ArtificialOoIntelligenceJjApplication_RteComponent0=\#define AI_SYSTEM_PERFORMANCE
STMicroelectronics.X-CUBE-AI.3.4.0_ArtificialOoIntelligenceJjApplication_RteComponentsize=1
STMicroelectronics.X-CUBE-AI.3.4.0_ArtificialOoIntelligenceJjXAaCUBEAaAI_RteComponentsize=0
STMicroelectronics.X-CUBE-AI.3.4.0_MwName0=X-CUBE-AI
STMicroelectronics.X-CUBE-AI.3.4.0_MwName1=Application
STMicroelectronics.X-CUBE-AI.3.4.0_NumberOfMw=2
STMicroelectronics.X-CUBE-AI.3.4.0_SwParameter=XAaCUBEAaAICcArtificialOoIntelligenceJjCore\:true;ApplicationCcArtificialOoIntelligenceJjApplication\:SystemPerformance;
STMicroelectronics.X-CUBE-AI.3.4.0_description=Artificial Intelligence
STMicroelectronics.X-CUBE-AI.3.4.0_license=SLA0048.txt
USART2.BaudRate=9600
USART2.IPParameters=VirtualMode,BaudRate
USART2.VirtualMode=VM_ASYNC
VP_CRC_VS_CRC.Mode=CRC_Activate
VP_CRC_VS_CRC.Signal=CRC_VS_CRC
VP_STMicroelectronics.X-CUBE-AI_VS_ArtificialOoIntelligenceJjApplication_3.4.0.Mode=ArtificialOoIntelligenceJjApplication
VP_STMicroelectronics.X-CUBE-AI_VS_ArtificialOoIntelligenceJjApplication_3.4.0.Signal=STMicroelectronics.X-CUBE-AI_VS_ArtificialOoIntelligenceJjApplication_3.4.0
VP_STMicroelectronics.X-CUBE-AI_VS_ArtificialOoIntelligenceJjXAaCUBEAaAI_3.4.0.Mode=ArtificialOoIntelligenceJjXAaCUBEAaAI
VP_STMicroelectronics.X-CUBE-AI_VS_ArtificialOoIntelligenceJjXAaCUBEAaAI_3.4.0.Signal=STMicroelectronics.X-CUBE-AI_VS_ArtificialOoIntelligenceJjXAaCUBEAaAI_3.4.0
VP_SYS_VS_Systick.Mode=SysTick
VP_SYS_VS_Systick.Signal=SYS_VS_Systick
board=custom
